{
  "version": "5",
  "remote": {
    "https://cdn.jsdelivr.net/gh/stephband/bolt-2@main/classes/device.js": "fcf1d259e73953c8e2965ca54ade498ec98d1655d8d75d9b7f036c16ae55396c",
    "https://cdn.jsdelivr.net/gh/stephband/dom@master/modules/assign.js": "d4d0e6ce9a1adc44ba2cf744e533e7bdc0e1074d553726518ced572b621a6cef",
    "https://cdn.jsdelivr.net/gh/stephband/dom@master/modules/classes.js": "c3bee9337836bef9faf8fb95347c8d75f64369a6a7f5fc65454fb555bc92e4b8",
    "https://cdn.jsdelivr.net/gh/stephband/dom@master/modules/create.js": "88c3e04e7b37676ce3f0ee6efbffc8a0c9101d308b39fcd752859aa55e5af1dc",
    "https://cdn.jsdelivr.net/gh/stephband/dom@master/modules/decode.js": "9607fd28167bf1866305a43145fbcd97a32b608b3662a0216142f405ec460064",
    "https://cdn.jsdelivr.net/gh/stephband/dom@master/modules/element.js": "cdfe540fa0f2b50e7b02529545939dbbaba628b18b011740d9859cd847c0b32a",
    "https://cdn.jsdelivr.net/gh/stephband/dom@master/modules/element/internals.js": "7a072717d000cfd7300ff3aa668195991fa0e791b6eb11aecc26849dc48d65c2",
    "https://cdn.jsdelivr.net/gh/stephband/dom@master/modules/events.js": "4cc8cb0c11b47ed79d73f364f14a72794c61f7bcb55472baef9bd67c5126e1ac",
    "https://cdn.jsdelivr.net/gh/stephband/dom@master/modules/identify.js": "6900d596e2e85e824d2f07f82ae89f12d355421b3fe91ac9b050d1c529c2ccd0",
    "https://cdn.jsdelivr.net/gh/stephband/dom@master/modules/is-comment.js": "3b4ea0e6b730e35af4e0668f47f9513ee6c0676f13afdaee4919bdb64b232fad",
    "https://cdn.jsdelivr.net/gh/stephband/dom@master/modules/is-element.js": "a95687a5da0718d308c51598d95d561e9f275439a55bfffe093e60c678cb3c22",
    "https://cdn.jsdelivr.net/gh/stephband/dom@master/modules/is-fragment.js": "4d7fc4e76a9eea2fb59de037cfe487fa564d5615ca69fd9cb417d9927e5014d6",
    "https://cdn.jsdelivr.net/gh/stephband/dom@master/modules/is-primary-button.js": "6c0ace94b79c24b85513508e90627596e747b69d423a5d3dd1003e9e9cfebaae",
    "https://cdn.jsdelivr.net/gh/stephband/dom@master/modules/is-text-node.js": "976cf472ccd6883a3d60b65e9f9fad8af66f5a39494beb224d961628f8a8a62b",
    "https://cdn.jsdelivr.net/gh/stephband/dom@master/modules/parse-length.js": "31945758d1e0917fefce14b3a20c161909fea3062ba4f5601879bf2e1675fec1",
    "https://cdn.jsdelivr.net/gh/stephband/dom@master/modules/style.js": "e278c013cad38a96577e362288697b9d06177c1fb6fb2c9616689bc8f1bc55a4",
    "https://cdn.jsdelivr.net/gh/stephband/dom@master/modules/styles.js": "69afd450bc6e31f8aa23aedb744312207a7c0b62dfef8feca8467d8a4347737e",
    "https://cdn.jsdelivr.net/gh/stephband/dom@master/modules/to-type.js": "28d34a1a85d01d9896fc34aeab4bd396796cb5bb143a4bbb8f871d04f50a4b42",
    "https://cdn.jsdelivr.net/gh/stephband/dom@master/modules/trigger.js": "4076f396d9b2493f80bcc5fc9201459c091025d0fb56778728931cf2f669191c",
    "https://cdn.jsdelivr.net/gh/stephband/fn@master/modules/arg.js": "8886e09cb323fe28f0018ab831780a8cf7089afdcd95ad71e3060031ba28f447",
    "https://cdn.jsdelivr.net/gh/stephband/fn@master/modules/args.js": "3d3c0ad2e2672d04a0d9d0c25e4dfd0e603e3fe04d7c85b9016c833ec89a8180",
    "https://cdn.jsdelivr.net/gh/stephband/fn@master/modules/cache-by-key.js": "df97b87b66b6dbcfe6d0f1a2131a32a9c54a841af38a0def51353d325283a2a8",
    "https://cdn.jsdelivr.net/gh/stephband/fn@master/modules/cache.js": "879ee2b7ea4d0d749d6e8f359aee960a5814e4eeff83a7158bf70e3a25851db0",
    "https://cdn.jsdelivr.net/gh/stephband/fn@master/modules/capture.js": "9139789b5351ebebde3cb3bc3f9a66ebed5cee3b0cd9ffe868dcf63b4ec65220",
    "https://cdn.jsdelivr.net/gh/stephband/fn@master/modules/compile.js": "2f42842e01928318b14d927c2b974a591d57cf2f5ca7bfb1ee6aa65f15bb4630",
    "https://cdn.jsdelivr.net/gh/stephband/fn@master/modules/curry.js": "b65b5d09c6b82430a9c0e4feb5d31f638cdc46a1ed90192e67c512bad5c5c211",
    "https://cdn.jsdelivr.net/gh/stephband/fn@master/modules/data.js": "ecbcd3f3b17dafadcc501b0e54494c28175df667ca6dd5a34960c8428be97674",
    "https://cdn.jsdelivr.net/gh/stephband/fn@master/modules/exec.js": "5cbade9bbfea82b53d64e0560a7a71b915470f04223266939ed6d48f2df4aafa",
    "https://cdn.jsdelivr.net/gh/stephband/fn@master/modules/get.js": "e7c7d9d3eb4d4e74185b1c29feb8559c65466a03545237c20e38630132add474",
    "https://cdn.jsdelivr.net/gh/stephband/fn@master/modules/id.js": "9c90e26a082d67afdeb83fb64bd795c469f317dca5850c404d6a6f0aa82331dc",
    "https://cdn.jsdelivr.net/gh/stephband/fn@master/modules/is-defined.js": "bb52a475df99e758a311b0a6761b04630e4d6a2f8cc194f286277d79b2e48840",
    "https://cdn.jsdelivr.net/gh/stephband/fn@master/modules/is-mutable-property.js": "0d4c42b94549f952d275769248cb83aa2620f1c91019b144792a5cb3bc25e3e7",
    "https://cdn.jsdelivr.net/gh/stephband/fn@master/modules/noop.js": "3be7f93ead642d9f6bc860649ba683cf6d47e37fe7c63c6c8e17c3187140ba96",
    "https://cdn.jsdelivr.net/gh/stephband/fn@master/modules/nothing.js": "a630a4e99485f66dceef4f6bcadf2ba933fa7b43968ee6467ddfd34445460be1",
    "https://cdn.jsdelivr.net/gh/stephband/fn@master/modules/overload.js": "92a50c40abda323cc5bcbbeb8b69845c11fcc6606bc0dcd8fc914787e2f41891",
    "https://cdn.jsdelivr.net/gh/stephband/fn@master/modules/parse-angle.js": "06601105b83fc353cbcf66459f55093f3c8d953581ab0a2ff1d379c05027012d",
    "https://cdn.jsdelivr.net/gh/stephband/fn@master/modules/parse-value.js": "05c61cc69d775aadec4b93041948d15d1c7c6583490b36f18dea7c5f1cb1a851",
    "https://cdn.jsdelivr.net/gh/stephband/fn@master/modules/remove.js": "1bde0421594633d8af4fdd7859c5ce1229eafb59395756c540a417f431bcebc5",
    "https://cdn.jsdelivr.net/gh/stephband/fn@master/modules/self.js": "c0208917a31ade85516ce45834e5bde94688f28f1bf821c867fd7f863a14af68",
    "https://cdn.jsdelivr.net/gh/stephband/fn@master/modules/signal.js": "be3eaf242b661c44ad77e73014b4b6dd8f6eebdef05bd4e62dcc0928e0a88d33",
    "https://cdn.jsdelivr.net/gh/stephband/fn@master/modules/stream/stream.js": "4a3202fc3d3a0032f3afe474b11d2b429289b2646d7314496b9aef81b4bea846",
    "https://cdn.jsdelivr.net/gh/stephband/fn@master/modules/to-camel-case.js": "3e614b5c7e25804662b4a759c996bebda621ff1e586a407b723a479e05e8ca5b",
    "https://cdn.jsdelivr.net/gh/stephband/fn@master/modules/to-rad.js": "f0b6a31ed4b576f53b096708796f0a3fe80bed09e8ff11e4ea59c9f368241e32",
    "https://cdn.jsdelivr.net/gh/stephband/fn@master/modules/to-type.js": "35fcde240d7038eb7fea1d7c76f614f14dfa3e6caf99975a37ca85c047ad28ea"
  }
}
