{
  "version": "3",
  "packages": {
    "specifiers": {
      "jsr:@luca/esbuild-deno-loader@^0.10.3": "jsr:@luca/esbuild-deno-loader@0.10.3",
      "jsr:@std/assert@^0.213.1": "jsr:@std/assert@0.213.1",
      "jsr:@std/encoding@0.213": "jsr:@std/encoding@0.213.1",
      "jsr:@std/jsonc@0.213": "jsr:@std/jsonc@0.213.1",
      "jsr:@std/path@0.213": "jsr:@std/path@0.213.1"
    },
    "jsr": {
      "@luca/esbuild-deno-loader@0.10.3": {
        "integrity": "32fc93f7e7f78060234fd5929a740668aab1c742b808c6048b57f9aaea514921",
        "dependencies": [
          "jsr:@std/encoding@0.213",
          "jsr:@std/jsonc@0.213",
          "jsr:@std/path@0.213"
        ]
      },
      "@std/assert@0.213.1": {
        "integrity": "24c28178b30c8e0782c18e8e94ea72b16282207569cdd10ffb9d1d26f2edebfe"
      },
      "@std/encoding@0.213.1": {
        "integrity": "fcbb6928713dde941a18ca5db88ca1544d0755ec8fb20fe61e2dc8144b390c62"
      },
      "@std/jsonc@0.213.1": {
        "integrity": "5578f21aa583b7eb7317eed077ffcde47b294f1056bdbb9aacec407758637bfe",
        "dependencies": [
          "jsr:@std/assert@^0.213.1"
        ]
      },
      "@std/path@0.213.1": {
        "integrity": "f187bf278a172752e02fcbacf6bd78a335ed320d080a7ed3a5a59c3e88abc673",
        "dependencies": [
          "jsr:@std/assert@^0.213.1"
        ]
      }
    }
  },
  "remote": {
    "https://cdn.jsdelivr.net/gh/stephband/dom@master/modules/assign.js": "c41f48f4c38e5c1a11b4dcd020bb4a01c9fb922a2d45ef455247f583bdfbc755",
    "https://cdn.jsdelivr.net/gh/stephband/dom@master/modules/create.js": "88c3e04e7b37676ce3f0ee6efbffc8a0c9101d308b39fcd752859aa55e5af1dc",
    "https://cdn.jsdelivr.net/gh/stephband/dom@master/modules/decode.js": "9607fd28167bf1866305a43145fbcd97a32b608b3662a0216142f405ec460064",
    "https://cdn.jsdelivr.net/gh/stephband/dom@master/modules/element.js": "869d9a6bafb6d42a11a747a3f5cb47a954e66c31e130ffdf08810aa8363e7952",
    "https://cdn.jsdelivr.net/gh/stephband/dom@master/modules/element/internals.js": "353230a66f44dd209349a3afb6e5f73c38cd46a04f41383587ee663e5bfa2438",
    "https://cdn.jsdelivr.net/gh/stephband/dom@master/modules/element/to-load-promise.js": "e37ffaf2381a7b666d8e2f183ba4029594304dfb59d2352ffc02f06d2e911b59",
    "https://cdn.jsdelivr.net/gh/stephband/dom@master/modules/element/to-prefetch-promise.js": "a9cbfc66211adf9d0181009d05d530fa37dae1c6bf32eee2e685d55e3972e790",
    "https://cdn.jsdelivr.net/gh/stephband/dom@master/modules/identify.js": "300f5e8113a89701218bb0ce49f83ce40df01c9a41009fa63359a3c0640a094c",
    "https://cdn.jsdelivr.net/gh/stephband/dom@master/modules/is-comment.js": "3b4ea0e6b730e35af4e0668f47f9513ee6c0676f13afdaee4919bdb64b232fad",
    "https://cdn.jsdelivr.net/gh/stephband/dom@master/modules/is-element.js": "a95687a5da0718d308c51598d95d561e9f275439a55bfffe093e60c678cb3c22",
    "https://cdn.jsdelivr.net/gh/stephband/dom@master/modules/is-fragment.js": "4d7fc4e76a9eea2fb59de037cfe487fa564d5615ca69fd9cb417d9927e5014d6",
    "https://cdn.jsdelivr.net/gh/stephband/dom@master/modules/is-text-node.js": "976cf472ccd6883a3d60b65e9f9fad8af66f5a39494beb224d961628f8a8a62b",
    "https://cdn.jsdelivr.net/gh/stephband/dom@master/modules/to-type.js": "28d34a1a85d01d9896fc34aeab4bd396796cb5bb143a4bbb8f871d04f50a4b42",
    "https://cdn.jsdelivr.net/gh/stephband/dom@master/modules/trigger.js": "4076f396d9b2493f80bcc5fc9201459c091025d0fb56778728931cf2f669191c",
    "https://cdn.jsdelivr.net/gh/stephband/fn@master/modules/arg.js": "8886e09cb323fe28f0018ab831780a8cf7089afdcd95ad71e3060031ba28f447",
    "https://cdn.jsdelivr.net/gh/stephband/fn@master/modules/args.js": "3d3c0ad2e2672d04a0d9d0c25e4dfd0e603e3fe04d7c85b9016c833ec89a8180",
    "https://cdn.jsdelivr.net/gh/stephband/fn@master/modules/cache-by-key.js": "df97b87b66b6dbcfe6d0f1a2131a32a9c54a841af38a0def51353d325283a2a8",
    "https://cdn.jsdelivr.net/gh/stephband/fn@master/modules/cache.js": "879ee2b7ea4d0d749d6e8f359aee960a5814e4eeff83a7158bf70e3a25851db0",
    "https://cdn.jsdelivr.net/gh/stephband/fn@master/modules/capture.js": "9139789b5351ebebde3cb3bc3f9a66ebed5cee3b0cd9ffe868dcf63b4ec65220",
    "https://cdn.jsdelivr.net/gh/stephband/fn@master/modules/compile.js": "2f42842e01928318b14d927c2b974a591d57cf2f5ca7bfb1ee6aa65f15bb4630",
    "https://cdn.jsdelivr.net/gh/stephband/fn@master/modules/curry.js": "b65b5d09c6b82430a9c0e4feb5d31f638cdc46a1ed90192e67c512bad5c5c211",
    "https://cdn.jsdelivr.net/gh/stephband/fn@master/modules/data.js": "37169875bdd6214058455d7331890ecf177e42b84f294a57e0cd9f401d1b0198",
    "https://cdn.jsdelivr.net/gh/stephband/fn@master/modules/exec.js": "5cbade9bbfea82b53d64e0560a7a71b915470f04223266939ed6d48f2df4aafa",
    "https://cdn.jsdelivr.net/gh/stephband/fn@master/modules/get.js": "e7c7d9d3eb4d4e74185b1c29feb8559c65466a03545237c20e38630132add474",
    "https://cdn.jsdelivr.net/gh/stephband/fn@master/modules/id.js": "9c90e26a082d67afdeb83fb64bd795c469f317dca5850c404d6a6f0aa82331dc",
    "https://cdn.jsdelivr.net/gh/stephband/fn@master/modules/is-defined.js": "bb52a475df99e758a311b0a6761b04630e4d6a2f8cc194f286277d79b2e48840",
    "https://cdn.jsdelivr.net/gh/stephband/fn@master/modules/is-mutable-property.js": "0d4c42b94549f952d275769248cb83aa2620f1c91019b144792a5cb3bc25e3e7",
    "https://cdn.jsdelivr.net/gh/stephband/fn@master/modules/noop.js": "3be7f93ead642d9f6bc860649ba683cf6d47e37fe7c63c6c8e17c3187140ba96",
    "https://cdn.jsdelivr.net/gh/stephband/fn@master/modules/nothing.js": "a630a4e99485f66dceef4f6bcadf2ba933fa7b43968ee6467ddfd34445460be1",
    "https://cdn.jsdelivr.net/gh/stephband/fn@master/modules/overload.js": "92a50c40abda323cc5bcbbeb8b69845c11fcc6606bc0dcd8fc914787e2f41891",
    "https://cdn.jsdelivr.net/gh/stephband/fn@master/modules/remove.js": "08a63a54d84d0c3e6f8b74d10ca031f2f4fdcfeb56f805a7eb4095f63f405a81",
    "https://cdn.jsdelivr.net/gh/stephband/fn@master/modules/self.js": "c0208917a31ade85516ce45834e5bde94688f28f1bf821c867fd7f863a14af68",
    "https://cdn.jsdelivr.net/gh/stephband/fn@master/modules/signal.js": "be3eaf242b661c44ad77e73014b4b6dd8f6eebdef05bd4e62dcc0928e0a88d33",
    "https://cdn.jsdelivr.net/gh/stephband/fn@master/modules/to-camel-case.js": "3e614b5c7e25804662b4a759c996bebda621ff1e586a407b723a479e05e8ca5b",
    "https://cdn.jsdelivr.net/gh/stephband/fn@master/modules/to-type.js": "35fcde240d7038eb7fea1d7c76f614f14dfa3e6caf99975a37ca85c047ad28ea",
    "https://deno.land/x/denoflate@1.2.1/mod.ts": "f5628e44b80b3d80ed525afa2ba0f12408e3849db817d47a883b801f9ce69dd6",
    "https://deno.land/x/denoflate@1.2.1/pkg/denoflate.js": "b9f9ad9457d3f12f28b1fb35c555f57443427f74decb403113d67364e4f2caf4",
    "https://deno.land/x/denoflate@1.2.1/pkg/denoflate_bg.wasm.js": "d581956245407a2115a3d7e8d85a9641c032940a8e810acbd59ca86afd34d44d",
    "https://deno.land/x/esbuild@v0.23.0/mod.js": "46f2e569b50e4d1f1b379b2f9785a9b9437d52911b849df8797d9ca40ce3e1c9"
  }
}
