{
  "version": "3",
  "remote": {
    "http://localhost/fn/modules/arg.js": "8886e09cb323fe28f0018ab831780a8cf7089afdcd95ad71e3060031ba28f447",
    "http://localhost/fn/modules/args.js": "3d3c0ad2e2672d04a0d9d0c25e4dfd0e603e3fe04d7c85b9016c833ec89a8180",
    "http://localhost/fn/modules/by.js": "70d8eafe2507956ed26573ea872f1f382d11fb8830842e2cb4aa0fc53df7cd9b",
    "http://localhost/fn/modules/cache.js": "879ee2b7ea4d0d749d6e8f359aee960a5814e4eeff83a7158bf70e3a25851db0",
    "http://localhost/fn/modules/capture.js": "9139789b5351ebebde3cb3bc3f9a66ebed5cee3b0cd9ffe868dcf63b4ec65220",
    "http://localhost/fn/modules/choose.js": "f7cea32a66325f47c88fc2efb6812ed93b058da8ca6c2b16e24319f18e836623",
    "http://localhost/fn/modules/clamp.js": "561e3e2d67e45a047109fd66f8d225453f798d25e489c0b5391ef285747a3863",
    "http://localhost/fn/modules/compile-async.js": "5ce0abe9374c6699e62c177aad8cbe5e87f8e2dd29e442248e4342817eec7ce0",
    "http://localhost/fn/modules/curry.js": "b65b5d09c6b82430a9c0e4feb5d31f638cdc46a1ed90192e67c512bad5c5c211",
    "http://localhost/fn/modules/data.js": "30af319d2ccb008cd477578eb4fcedeb2f325fb0f9162854486d44bc6bdeff0a",
    "http://localhost/fn/modules/date.js": "3c70cafa5433b7164b4f7dc1d347cba7f37963c4d28b38304ba3770bd6c003a5",
    "http://localhost/fn/modules/denormalise.js": "9b696d456bd1ec35ef453c8da4210748894d270f7639ef45ada20a5de6045629",
    "http://localhost/fn/modules/equals.js": "3d8d23fd10aea27678f9e41c0b9bacc23a6881fad7af1008c8230afe9de4260d",
    "http://localhost/fn/modules/exec.js": "5cbade9bbfea82b53d64e0560a7a71b915470f04223266939ed6d48f2df4aafa",
    "http://localhost/fn/modules/get-path.js": "a950e28c1adf9efdaf92c6da97a8e8a479750828c8bbec43c0f9e46663099add",
    "http://localhost/fn/modules/get.js": "e7c7d9d3eb4d4e74185b1c29feb8559c65466a03545237c20e38630132add474",
    "http://localhost/fn/modules/id.js": "9c90e26a082d67afdeb83fb64bd795c469f317dca5850c404d6a6f0aa82331dc",
    "http://localhost/fn/modules/is-defined.js": "bb52a475df99e758a311b0a6761b04630e4d6a2f8cc194f286277d79b2e48840",
    "http://localhost/fn/modules/last.js": "67aed33a150409aa3135cd25ada243d8b010b6ec1fe9ac73fc539ec08b122c62",
    "http://localhost/fn/modules/matches.js": "58e93677c938f140acd0f5c2e2254e565af0439b781c30e2446574b194b5bd1b",
    "http://localhost/fn/modules/mod.js": "40b68d55b04ef50ec387d0d0fc8ce985630aed15fc8ccf9d1d9a5b094ecd9e89",
    "http://localhost/fn/modules/noop.js": "3be7f93ead642d9f6bc860649ba683cf6d47e37fe7c63c6c8e17c3187140ba96",
    "http://localhost/fn/modules/normalise.js": "f5faf1d9dd605200a447a1048200ffe28a0486bfff2ed8106114afa105130914",
    "http://localhost/fn/modules/nothing.js": "a630a4e99485f66dceef4f6bcadf2ba933fa7b43968ee6467ddfd34445460be1",
    "http://localhost/fn/modules/overload.js": "92a50c40abda323cc5bcbbeb8b69845c11fcc6606bc0dcd8fc914787e2f41891",
    "http://localhost/fn/modules/parse-value.js": "05c61cc69d775aadec4b93041948d15d1c7c6583490b36f18dea7c5f1cb1a851",
    "http://localhost/fn/modules/remove.js": "08a63a54d84d0c3e6f8b74d10ca031f2f4fdcfeb56f805a7eb4095f63f405a81",
    "http://localhost/fn/modules/self.js": "c0208917a31ade85516ce45834e5bde94688f28f1bf821c867fd7f863a14af68",
    "http://localhost/fn/modules/set-path.js": "ad389c6143d4e6a0646009253f2efb80f423f7a9fa21e040c26df6e2ec15e799",
    "http://localhost/fn/modules/signal.js": "d594e22ed0d29e4ac577035c88b38111e1ddb5749216b269f9c1f6c1678b9080",
    "http://localhost/fn/modules/slugify.js": "23001399c89ae1470e9fe7466c32d7080d36a5827e6358f7b463ceeb487ae8b2",
    "http://localhost/fn/modules/sum.js": "8462d67281302a31d1d140f6f20af6abf027a47f6210241fe5cf71d7b50ac49c",
    "http://localhost/fn/modules/time.js": "0ffa00ac7aa12748df8033acca14ca575bae04dcb291b3e8b48ff5c31e436417",
    "http://localhost/fn/modules/to-camel-case.js": "3e614b5c7e25804662b4a759c996bebda621ff1e586a407b723a479e05e8ca5b",
    "http://localhost/fn/modules/to-class.js": "ebecb7b0cbeaf9461771a13116aa8ccff463672d2a0dd96769283e390308a32d",
    "http://localhost/fn/modules/to-deg.js": "7723f20ff38ab2d332d1bdff3789e6a38f81812ebbc7a0ce01745961809f99f9",
    "http://localhost/fn/modules/to-rad.js": "f0b6a31ed4b576f53b096708796f0a3fe80bed09e8ff11e4ea59c9f368241e32",
    "http://localhost/fn/modules/to-type.js": "35fcde240d7038eb7fea1d7c76f614f14dfa3e6caf99975a37ca85c047ad28ea",
    "https://deno.land/std@0.110.0/_util/assert.ts": "2f868145a042a11d5ad0a3c748dcf580add8a0dbc0e876eaa0026303a5488f58",
    "https://deno.land/std@0.110.0/_util/os.ts": "dfb186cc4e968c770ab6cc3288bd65f4871be03b93beecae57d657232ecffcac",
    "https://deno.land/std@0.110.0/fs/_util.ts": "f2ce811350236ea8c28450ed822a5f42a0892316515b1cd61321dec13569c56b",
    "https://deno.land/std@0.110.0/fs/copy.ts": "631bbafbfe6cba282158abc8aeb7e8251cc69a7ec28ce12878ea1b75fec2add4",
    "https://deno.land/std@0.110.0/fs/empty_dir.ts": "5f08b263dd064dc7917c4bbeb13de0f5505a664b9cdfe312fa86e7518cfaeb84",
    "https://deno.land/std@0.110.0/fs/ensure_dir.ts": "b7c103dc41a3d1dbbb522bf183c519c37065fdc234831a4a0f7d671b1ed5fea7",
    "https://deno.land/std@0.110.0/fs/ensure_file.ts": "c06031af24368e80c330897e4b8e9109efc8602ffabc8f3e2306be07529e1d13",
    "https://deno.land/std@0.110.0/fs/ensure_link.ts": "26e54363508b822afd87a3f6e873bbbcd6b5993dd638f8170758c16262a75065",
    "https://deno.land/std@0.110.0/fs/ensure_symlink.ts": "c07b6d19ef58b6f5c671ffa942e7f9be50315f4f78e2f9f511626fd2e13beccc",
    "https://deno.land/std@0.110.0/fs/eol.ts": "afaebaaac36f48c423b920c836551997715672b80a0fee9aa7667c181a94f2df",
    "https://deno.land/std@0.110.0/fs/exists.ts": "b0d2e31654819cc2a8d37df45d6b14686c0cc1d802e9ff09e902a63e98b85a00",
    "https://deno.land/std@0.110.0/fs/expand_glob.ts": "756e8f9a06cd25e05f62b2941657f6f3fc73563bf77f14edaa472eaf9949910e",
    "https://deno.land/std@0.110.0/fs/mod.ts": "26eee4b52a8c516e37d464094b080ff6822883e7f01ff0ba0a72b8dcd54b9927",
    "https://deno.land/std@0.110.0/fs/move.ts": "4623058e39bbbeb3ad30aeff9c974c55d2d574ad7c480295c12b04c244686a99",
    "https://deno.land/std@0.110.0/fs/walk.ts": "f633829f967d2979ab285dbfb09eb0d7d000fd175b95156b63fcede435d1a807",
    "https://deno.land/std@0.110.0/path/_constants.ts": "1247fee4a79b70c89f23499691ef169b41b6ccf01887a0abd131009c5581b853",
    "https://deno.land/std@0.110.0/path/_interface.ts": "1fa73b02aaa24867e481a48492b44f2598cd9dfa513c7b34001437007d3642e4",
    "https://deno.land/std@0.110.0/path/_util.ts": "2e06a3b9e79beaf62687196bd4b60a4c391d862cfa007a20fc3a39f778ba073b",
    "https://deno.land/std@0.110.0/path/common.ts": "f41a38a0719a1e85aa11c6ba3bea5e37c15dd009d705bd8873f94c833568cbc4",
    "https://deno.land/std@0.110.0/path/glob.ts": "46708a3249cb5dc4a116cae3055114d6339bd5f0c1f412db6a4e0cb44c828a7d",
    "https://deno.land/std@0.110.0/path/mod.ts": "4465dc494f271b02569edbb4a18d727063b5dbd6ed84283ff906260970a15d12",
    "https://deno.land/std@0.110.0/path/posix.ts": "34349174b9cd121625a2810837a82dd8b986bbaaad5ade690d1de75bbb4555b2",
    "https://deno.land/std@0.110.0/path/separator.ts": "8fdcf289b1b76fd726a508f57d3370ca029ae6976fcde5044007f062e643ff1c",
    "https://deno.land/std@0.110.0/path/win32.ts": "2edb2f71f10578ee1168de01a8cbd3c65483e45a46bc2fa3156a0c6bfbd2720d"
  }
}
